
Microsoft Visual Studio Solution File, Format Version 12.00
# Visual Studio 15
VisualStudioVersion = 15.0.28010.2050
MinimumVisualStudioVersion = 10.0.40219.1
Project("{FAE04EC0-301F-11D3-BF4B-00C04F79EFBC}") = "Checkpoint1", "Checkpoint1\Checkpoint1.csproj", "{67249855-6ECF-49B7-AE97-F02FDE8DA5B8}"
EndProject
Global
	GlobalSection(SolutionConfigurationPlatforms) = preSolution
		Debug|Any CPU = Debug|Any CPU
		Release|Any CPU = Release|Any CPU
	EndGlobalSection
	GlobalSection(ProjectConfigurationPlatforms) = postSolution
		{67249855-6ECF-49B7-AE97-F02FDE8DA5B8}.Debug|Any CPU.ActiveCfg = Debug|Any CPU
		{67249855-6ECF-49B7-AE97-F02FDE8DA5B8}.Debug|Any CPU.Build.0 = Debug|Any CPU
		{67249855-6ECF-49B7-AE97-F02FDE8DA5B8}.Release|Any CPU.ActiveCfg = Release|Any CPU
		{67249855-6ECF-49B7-AE97-F02FDE8DA5B8}.Release|Any CPU.Build.0 = Release|Any CPU
	EndGlobalSection
	GlobalSection(SolutionProperties) = preSolution
		HideSolutionNode = FALSE
	EndGlobalSection
	GlobalSection(ExtensibilityGlobals) = postSolution
		SolutionGuid = {39C1C46B-C7E2-40F1-AA77-D27BCA56A1BE}
	EndGlobalSection
EndGlobal
